{
  "name": "openapi-request-validator-generator",
  "version": "1.0.1",
  "lockfileVersion": 2,
  "requires": true,
  "packages": {
    "": {
      "name": "openapi-request-validator-generator",
      "version": "1.0.1",
      "license": "MIT",
      "dependencies": {
        "ajv": "8.11.2",
        "ajv-formats": "2.1.1",
        "content-type": "1.0.4",
        "js-yaml": "4.1.0",
        "json-schema-deref-sync": "0.14.0",
        "openapi-jsonschema-parameters": "12.0.2",
        "serialize-javascript": "6.0.0",
        "ts-log": "2.2.5"
      }
    },
    "node_modules/ajv": {
      "version": "8.11.2",
      "resolved": "https://registry.npmjs.org/ajv/-/ajv-8.11.2.tgz",
      "integrity": "sha512-E4bfmKAhGiSTvMfL1Myyycaub+cUEU2/IvpylXkUu7CHBkBj1f/ikdzbD7YQ6FKUbixDxeYvB/xY4fvyroDlQg==",
      "dependencies": {
        "fast-deep-equal": "^3.1.1",
        "json-schema-traverse": "^1.0.0",
        "require-from-string": "^2.0.2",
        "uri-js": "^4.2.2"
      },
      "funding": {
        "type": "github",
        "url": "https://github.com/sponsors/epoberezkin"
      }
    },
    "node_modules/ajv-formats": {
      "version": "2.1.1",
      "resolved": "https://registry.npmjs.org/ajv-formats/-/ajv-formats-2.1.1.tgz",
      "integrity": "sha512-Wx0Kx52hxE7C18hkMEggYlEifqWZtYaRgouJor+WMdPnQyEK13vgEWyVNup7SoeeoLMsr4kf5h6dOW11I15MUA==",
      "dependencies": {
        "ajv": "^8.0.0"
      },
      "peerDependencies": {
        "ajv": "^8.0.0"
      },
      "peerDependenciesMeta": {
        "ajv": {
          "optional": true
        }
      }
    },
    "node_modules/argparse": {
      "version": "2.0.1",
      "resolved": "https://registry.npmjs.org/argparse/-/argparse-2.0.1.tgz",
      "integrity": "sha512-8+9WqebbFzpX9OR+Wa6O29asIogeRMzcGtAINdpMHHyAg10f05aSFVBbcEqGf/PXw1EjAZ+q2/bEBg3DvurK3Q=="
    },
    "node_modules/charenc": {
      "version": "0.0.2",
      "resolved": "https://registry.npmjs.org/charenc/-/charenc-0.0.2.tgz",
      "integrity": "sha512-yrLQ/yVUFXkzg7EDQsPieE/53+0RlaWTs+wBrvW36cyilJ2SaDWfl4Yj7MtLTXleV9uEKefbAGUPv2/iWSooRA==",
      "engines": {
        "node": "*"
      }
    },
    "node_modules/clone": {
      "version": "2.1.2",
      "resolved": "https://registry.npmjs.org/clone/-/clone-2.1.2.tgz",
      "integrity": "sha512-3Pe/CF1Nn94hyhIYpjtiLhdCoEoz0DqQ+988E9gmeEdQZlojxnOb74wctFyuwWQHzqyf9X7C7MG8juUpqBJT8w==",
      "engines": {
        "node": ">=0.8"
      }
    },
    "node_modules/content-type": {
      "version": "1.0.4",
      "resolved": "https://registry.npmjs.org/content-type/-/content-type-1.0.4.tgz",
      "integrity": "sha512-hIP3EEPs8tB9AT1L+NUqtwOAps4mk2Zob89MWXMHjHWg9milF/j4osnnQLXBCBFBk/tvIG/tUc9mOUJiPBhPXA==",
      "engines": {
        "node": ">= 0.6"
      }
    },
    "node_modules/crypt": {
      "version": "0.0.2",
      "resolved": "https://registry.npmjs.org/crypt/-/crypt-0.0.2.tgz",
      "integrity": "sha512-mCxBlsHFYh9C+HVpiEacem8FEBnMXgU9gy4zmNC+SXAZNB/1idgp/aulFJ4FgCi7GPEVbfyng092GqL2k2rmow==",
      "engines": {
        "node": "*"
      }
    },
    "node_modules/dag-map": {
      "version": "1.0.2",
      "resolved": "https://registry.npmjs.org/dag-map/-/dag-map-1.0.2.tgz",
      "integrity": "sha512-+LSAiGFwQ9dRnRdOeaj7g47ZFJcOUPukAP8J3A3fuZ1g9Y44BG+P1sgApjLXTQPOzC4+7S9Wr8kXsfpINM4jpw=="
    },
    "node_modules/fast-deep-equal": {
      "version": "3.1.3",
      "resolved": "https://registry.npmjs.org/fast-deep-equal/-/fast-deep-equal-3.1.3.tgz",
      "integrity": "sha512-f3qQ9oQy9j2AhBe/H9VC91wLmKBCCU/gDOnKNAYG5hswO7BLKj09Hc5HYNz9cGI++xlpDCIgDaitVs03ATR84Q=="
    },
    "node_modules/is-buffer": {
      "version": "1.1.6",
      "resolved": "https://registry.npmjs.org/is-buffer/-/is-buffer-1.1.6.tgz",
      "integrity": "sha512-NcdALwpXkTm5Zvvbk7owOUSvVvBKDgKP5/ewfXEznmQFfs4ZRmanOeKBTjRVjka3QFoN6XJ+9F3USqfHqTaU5w=="
    },
    "node_modules/is-extglob": {
      "version": "1.0.0",
      "resolved": "https://registry.npmjs.org/is-extglob/-/is-extglob-1.0.0.tgz",
      "integrity": "sha512-7Q+VbVafe6x2T+Tu6NcOf6sRklazEPmBoB3IWk3WdGZM2iGUwU/Oe3Wtq5lSEkDTTlpp8yx+5t4pzO/i9Ty1ww==",
      "engines": {
        "node": ">=0.10.0"
      }
    },
    "node_modules/is-glob": {
      "version": "2.0.1",
      "resolved": "https://registry.npmjs.org/is-glob/-/is-glob-2.0.1.tgz",
      "integrity": "sha512-a1dBeB19NXsf/E0+FHqkagizel/LQw2DjSQpvQrj3zT+jYPpaUCryPnrQajXKFLCMuf4I6FhRpaGtw4lPrG6Eg==",
      "dependencies": {
        "is-extglob": "^1.0.0"
      },
      "engines": {
        "node": ">=0.10.0"
      }
    },
    "node_modules/is-invalid-path": {
      "version": "0.1.0",
      "resolved": "https://registry.npmjs.org/is-invalid-path/-/is-invalid-path-0.1.0.tgz",
      "integrity": "sha512-aZMG0T3F34mTg4eTdszcGXx54oiZ4NtHSft3hWNJMGJXUUqdIj3cOZuHcU0nCWWcY3jd7yRe/3AEm3vSNTpBGQ==",
      "dependencies": {
        "is-glob": "^2.0.0"
      },
      "engines": {
        "node": ">=0.10.0"
      }
    },
    "node_modules/is-valid-path": {
      "version": "0.1.1",
      "resolved": "https://registry.npmjs.org/is-valid-path/-/is-valid-path-0.1.1.tgz",
      "integrity": "sha512-+kwPrVDu9Ms03L90Qaml+79+6DZHqHyRoANI6IsZJ/g8frhnfchDOBCa0RbQ6/kdHt5CS5OeIEyrYznNuVN+8A==",
      "dependencies": {
        "is-invalid-path": "^0.1.0"
      },
      "engines": {
        "node": ">=0.10.0"
      }
    },
    "node_modules/js-yaml": {
      "version": "4.1.0",
      "resolved": "https://registry.npmjs.org/js-yaml/-/js-yaml-4.1.0.tgz",
      "integrity": "sha512-wpxZs9NoxZaJESJGIZTyDEaYpl0FKSA+FB9aJiyemKhMwkxQg63h4T1KJgUGHpTqPDNRcmmYLugrRjJlBtWvRA==",
      "dependencies": {
        "argparse": "^2.0.1"
      },
      "bin": {
        "js-yaml": "bin/js-yaml.js"
      }
    },
    "node_modules/json-schema-deref-sync": {
      "version": "0.14.0",
      "resolved": "https://registry.npmjs.org/json-schema-deref-sync/-/json-schema-deref-sync-0.14.0.tgz",
      "integrity": "sha512-yGR1xmhdiD6R0MSrwWcFxQzAj5b3i5Gb/mt5tvQKgFMMeNe0KZYNEN/jWr7G+xn39Azqgcvk4ZKMs8dQl8e4wA==",
      "dependencies": {
        "clone": "^2.1.2",
        "dag-map": "~1.0.0",
        "is-valid-path": "^0.1.1",
        "lodash": "^4.17.13",
        "md5": "~2.2.0",
        "memory-cache": "~0.2.0",
        "traverse": "~0.6.6",
        "valid-url": "~1.0.9"
      },
      "engines": {
        "node": ">=6.0.0"
      }
    },
    "node_modules/json-schema-traverse": {
      "version": "1.0.0",
      "resolved": "https://registry.npmjs.org/json-schema-traverse/-/json-schema-traverse-1.0.0.tgz",
      "integrity": "sha512-NM8/P9n3XjXhIZn1lLhkFaACTOURQXjWhV4BA/RnOv8xvgqtqpAX9IO4mRQxSx1Rlo4tqzeqb0sOlruaOy3dug=="
    },
    "node_modules/lodash": {
      "version": "4.17.21",
      "resolved": "https://registry.npmjs.org/lodash/-/lodash-4.17.21.tgz",
      "integrity": "sha512-v2kDEe57lecTulaDIuNTPy3Ry4gLGJ6Z1O3vE1krgXZNrsQ+LFTGHVxVjcXPs17LhbZVGedAJv8XZ1tvj5FvSg=="
    },
    "node_modules/md5": {
      "version": "2.2.1",
      "resolved": "https://registry.npmjs.org/md5/-/md5-2.2.1.tgz",
      "integrity": "sha512-PlGG4z5mBANDGCKsYQe0CaUYHdZYZt8ZPZLmEt+Urf0W4GlpTX4HescwHU+dc9+Z/G/vZKYZYFrwgm9VxK6QOQ==",
      "dependencies": {
        "charenc": "~0.0.1",
        "crypt": "~0.0.1",
        "is-buffer": "~1.1.1"
      }
    },
    "node_modules/memory-cache": {
      "version": "0.2.0",
      "resolved": "https://registry.npmjs.org/memory-cache/-/memory-cache-0.2.0.tgz",
      "integrity": "sha512-OcjA+jzjOYzKmKS6IQVALHLVz+rNTMPoJvCztFaZxwG14wtAW7VRZjwTQu06vKCYOxh4jVnik7ya0SXTB0W+xA=="
    },
    "node_modules/openapi-jsonschema-parameters": {
      "version": "12.0.2",
      "resolved": "https://registry.npmjs.org/openapi-jsonschema-parameters/-/openapi-jsonschema-parameters-12.0.2.tgz",
      "integrity": "sha512-JzPqPBNSO4SItVJwhmBBKQfNEXkfavgz7lToOHNwTl6MEskWDUMm0jl7s+eLZM3jxz6Vj/o0/VlcecmFJcX88w==",
      "dependencies": {
        "openapi-types": "^12.0.2"
      }
    },
    "node_modules/openapi-types": {
      "version": "12.0.2",
      "resolved": "https://registry.npmjs.org/openapi-types/-/openapi-types-12.0.2.tgz",
      "integrity": "sha512-GuTo7FyZjOIWVhIhQSWJVaws6A82sWIGyQogxxYBYKZ0NBdyP2CYSIgOwFfSB+UVoPExk/YzFpyYitHS8KVZtA=="
    },
    "node_modules/punycode": {
      "version": "2.1.1",
      "resolved": "https://registry.npmjs.org/punycode/-/punycode-2.1.1.tgz",
      "integrity": "sha512-XRsRjdf+j5ml+y/6GKHPZbrF/8p2Yga0JPtdqTIY2Xe5ohJPD9saDJJLPvp9+NSBprVvevdXZybnj2cv8OEd0A==",
      "engines": {
        "node": ">=6"
      }
    },
    "node_modules/randombytes": {
      "version": "2.1.0",
      "resolved": "https://registry.npmjs.org/randombytes/-/randombytes-2.1.0.tgz",
      "integrity": "sha512-vYl3iOX+4CKUWuxGi9Ukhie6fsqXqS9FE2Zaic4tNFD2N2QQaXOMFbuKK4QmDHC0JO6B1Zp41J0LpT0oR68amQ==",
      "dependencies": {
        "safe-buffer": "^5.1.0"
      }
    },
    "node_modules/require-from-string": {
      "version": "2.0.2",
      "resolved": "https://registry.npmjs.org/require-from-string/-/require-from-string-2.0.2.tgz",
      "integrity": "sha512-Xf0nWe6RseziFMu+Ap9biiUbmplq6S9/p+7w7YXP/JBHhrUDDUhwa+vANyubuqfZWTveU//DYVGsDG7RKL/vEw==",
      "engines": {
        "node": ">=0.10.0"
      }
    },
    "node_modules/safe-buffer": {
      "version": "5.2.1",
      "resolved": "https://registry.npmjs.org/safe-buffer/-/safe-buffer-5.2.1.tgz",
      "integrity": "sha512-rp3So07KcdmmKbGvgaNxQSJr7bGVSVk5S9Eq1F+ppbRo70+YeaDxkw5Dd8NPN+GD6bjnYm2VuPuCXmpuYvmCXQ==",
      "funding": [
        {
          "type": "github",
          "url": "https://github.com/sponsors/feross"
        },
        {
          "type": "patreon",
          "url": "https://www.patreon.com/feross"
        },
        {
          "type": "consulting",
          "url": "https://feross.org/support"
        }
      ]
    },
    "node_modules/serialize-javascript": {
      "version": "6.0.0",
      "resolved": "https://registry.npmjs.org/serialize-javascript/-/serialize-javascript-6.0.0.tgz",
      "integrity": "sha512-Qr3TosvguFt8ePWqsvRfrKyQXIiW+nGbYpy8XK24NQHE83caxWt+mIymTT19DGFbNWNLfEwsrkSmN64lVWB9ag==",
      "dependencies": {
        "randombytes": "^2.1.0"
      }
    },
    "node_modules/traverse": {
      "version": "0.6.7",
      "resolved": "https://registry.npmjs.org/traverse/-/traverse-0.6.7.tgz",
      "integrity": "sha512-/y956gpUo9ZNCb99YjxG7OaslxZWHfCHAUUfshwqOXmxUIvqLjVO581BT+gM59+QV9tFe6/CGG53tsA1Y7RSdg==",
      "funding": {
        "url": "https://github.com/sponsors/ljharb"
      }
    },
    "node_modules/ts-log": {
      "version": "2.2.5",
      "resolved": "https://registry.npmjs.org/ts-log/-/ts-log-2.2.5.tgz",
      "integrity": "sha512-PGcnJoTBnVGy6yYNFxWVNkdcAuAMstvutN9MgDJIV6L0oG8fB+ZNNy1T+wJzah8RPGor1mZuPQkVfXNDpy9eHA=="
    },
    "node_modules/uri-js": {
      "version": "4.4.1",
      "resolved": "https://registry.npmjs.org/uri-js/-/uri-js-4.4.1.tgz",
      "integrity": "sha512-7rKUyy33Q1yc98pQ1DAmLtwX109F7TIfWlW1Ydo8Wl1ii1SeHieeh0HHfPeL2fMXK6z0s8ecKs9frCuLJvndBg==",
      "dependencies": {
        "punycode": "^2.1.0"
      }
    },
    "node_modules/valid-url": {
      "version": "1.0.9",
      "resolved": "https://registry.npmjs.org/valid-url/-/valid-url-1.0.9.tgz",
      "integrity": "sha512-QQDsV8OnSf5Uc30CKSwG9lnhMPe6exHtTXLRYX8uMwKENy640pU+2BgBL0LRbDh/eYRahNCS7aewCx0wf3NYVA=="
    }
  },
  "dependencies": {
    "ajv": {
      "version": "8.11.2",
      "resolved": "https://registry.npmjs.org/ajv/-/ajv-8.11.2.tgz",
      "integrity": "sha512-E4bfmKAhGiSTvMfL1Myyycaub+cUEU2/IvpylXkUu7CHBkBj1f/ikdzbD7YQ6FKUbixDxeYvB/xY4fvyroDlQg==",
      "requires": {
        "fast-deep-equal": "^3.1.1",
        "json-schema-traverse": "^1.0.0",
        "require-from-string": "^2.0.2",
        "uri-js": "^4.2.2"
      }
    },
    "ajv-formats": {
      "version": "2.1.1",
      "resolved": "https://registry.npmjs.org/ajv-formats/-/ajv-formats-2.1.1.tgz",
      "integrity": "sha512-Wx0Kx52hxE7C18hkMEggYlEifqWZtYaRgouJor+WMdPnQyEK13vgEWyVNup7SoeeoLMsr4kf5h6dOW11I15MUA==",
      "requires": {
        "ajv": "^8.0.0"
      }
    },
    "argparse": {
      "version": "2.0.1",
      "resolved": "https://registry.npmjs.org/argparse/-/argparse-2.0.1.tgz",
      "integrity": "sha512-8+9WqebbFzpX9OR+Wa6O29asIogeRMzcGtAINdpMHHyAg10f05aSFVBbcEqGf/PXw1EjAZ+q2/bEBg3DvurK3Q=="
    },
    "charenc": {
      "version": "0.0.2",
      "resolved": "https://registry.npmjs.org/charenc/-/charenc-0.0.2.tgz",
      "integrity": "sha512-yrLQ/yVUFXkzg7EDQsPieE/53+0RlaWTs+wBrvW36cyilJ2SaDWfl4Yj7MtLTXleV9uEKefbAGUPv2/iWSooRA=="
    },
    "clone": {
      "version": "2.1.2",
      "resolved": "https://registry.npmjs.org/clone/-/clone-2.1.2.tgz",
      "integrity": "sha512-3Pe/CF1Nn94hyhIYpjtiLhdCoEoz0DqQ+988E9gmeEdQZlojxnOb74wctFyuwWQHzqyf9X7C7MG8juUpqBJT8w=="
    },
    "content-type": {
      "version": "1.0.4",
      "resolved": "https://registry.npmjs.org/content-type/-/content-type-1.0.4.tgz",
      "integrity": "sha512-hIP3EEPs8tB9AT1L+NUqtwOAps4mk2Zob89MWXMHjHWg9milF/j4osnnQLXBCBFBk/tvIG/tUc9mOUJiPBhPXA=="
    },
    "crypt": {
      "version": "0.0.2",
      "resolved": "https://registry.npmjs.org/crypt/-/crypt-0.0.2.tgz",
      "integrity": "sha512-mCxBlsHFYh9C+HVpiEacem8FEBnMXgU9gy4zmNC+SXAZNB/1idgp/aulFJ4FgCi7GPEVbfyng092GqL2k2rmow=="
    },
    "dag-map": {
      "version": "1.0.2",
      "resolved": "https://registry.npmjs.org/dag-map/-/dag-map-1.0.2.tgz",
      "integrity": "sha512-+LSAiGFwQ9dRnRdOeaj7g47ZFJcOUPukAP8J3A3fuZ1g9Y44BG+P1sgApjLXTQPOzC4+7S9Wr8kXsfpINM4jpw=="
    },
    "fast-deep-equal": {
      "version": "3.1.3",
      "resolved": "https://registry.npmjs.org/fast-deep-equal/-/fast-deep-equal-3.1.3.tgz",
      "integrity": "sha512-f3qQ9oQy9j2AhBe/H9VC91wLmKBCCU/gDOnKNAYG5hswO7BLKj09Hc5HYNz9cGI++xlpDCIgDaitVs03ATR84Q=="
    },
    "is-buffer": {
      "version": "1.1.6",
      "resolved": "https://registry.npmjs.org/is-buffer/-/is-buffer-1.1.6.tgz",
      "integrity": "sha512-NcdALwpXkTm5Zvvbk7owOUSvVvBKDgKP5/ewfXEznmQFfs4ZRmanOeKBTjRVjka3QFoN6XJ+9F3USqfHqTaU5w=="
    },
    "is-extglob": {
      "version": "1.0.0",
      "resolved": "https://registry.npmjs.org/is-extglob/-/is-extglob-1.0.0.tgz",
      "integrity": "sha512-7Q+VbVafe6x2T+Tu6NcOf6sRklazEPmBoB3IWk3WdGZM2iGUwU/Oe3Wtq5lSEkDTTlpp8yx+5t4pzO/i9Ty1ww=="
    },
    "is-glob": {
      "version": "2.0.1",
      "resolved": "https://registry.npmjs.org/is-glob/-/is-glob-2.0.1.tgz",
      "integrity": "sha512-a1dBeB19NXsf/E0+FHqkagizel/LQw2DjSQpvQrj3zT+jYPpaUCryPnrQajXKFLCMuf4I6FhRpaGtw4lPrG6Eg==",
      "requires": {
        "is-extglob": "^1.0.0"
      }
    },
    "is-invalid-path": {
      "version": "0.1.0",
      "resolved": "https://registry.npmjs.org/is-invalid-path/-/is-invalid-path-0.1.0.tgz",
      "integrity": "sha512-aZMG0T3F34mTg4eTdszcGXx54oiZ4NtHSft3hWNJMGJXUUqdIj3cOZuHcU0nCWWcY3jd7yRe/3AEm3vSNTpBGQ==",
      "requires": {
        "is-glob": "^2.0.0"
      }
    },
    "is-valid-path": {
      "version": "0.1.1",
      "resolved": "https://registry.npmjs.org/is-valid-path/-/is-valid-path-0.1.1.tgz",
      "integrity": "sha512-+kwPrVDu9Ms03L90Qaml+79+6DZHqHyRoANI6IsZJ/g8frhnfchDOBCa0RbQ6/kdHt5CS5OeIEyrYznNuVN+8A==",
      "requires": {
        "is-invalid-path": "^0.1.0"
      }
    },
    "js-yaml": {
      "version": "4.1.0",
      "resolved": "https://registry.npmjs.org/js-yaml/-/js-yaml-4.1.0.tgz",
      "integrity": "sha512-wpxZs9NoxZaJESJGIZTyDEaYpl0FKSA+FB9aJiyemKhMwkxQg63h4T1KJgUGHpTqPDNRcmmYLugrRjJlBtWvRA==",
      "requires": {
        "argparse": "^2.0.1"
      }
    },
    "json-schema-deref-sync": {
      "version": "0.14.0",
      "resolved": "https://registry.npmjs.org/json-schema-deref-sync/-/json-schema-deref-sync-0.14.0.tgz",
      "integrity": "sha512-yGR1xmhdiD6R0MSrwWcFxQzAj5b3i5Gb/mt5tvQKgFMMeNe0KZYNEN/jWr7G+xn39Azqgcvk4ZKMs8dQl8e4wA==",
      "requires": {
        "clone": "^2.1.2",
        "dag-map": "~1.0.0",
        "is-valid-path": "^0.1.1",
        "lodash": "^4.17.13",
        "md5": "~2.2.0",
        "memory-cache": "~0.2.0",
        "traverse": "~0.6.6",
        "valid-url": "~1.0.9"
      }
    },
    "json-schema-traverse": {
      "version": "1.0.0",
      "resolved": "https://registry.npmjs.org/json-schema-traverse/-/json-schema-traverse-1.0.0.tgz",
      "integrity": "sha512-NM8/P9n3XjXhIZn1lLhkFaACTOURQXjWhV4BA/RnOv8xvgqtqpAX9IO4mRQxSx1Rlo4tqzeqb0sOlruaOy3dug=="
    },
    "lodash": {
      "version": "4.17.21",
      "resolved": "https://registry.npmjs.org/lodash/-/lodash-4.17.21.tgz",
      "integrity": "sha512-v2kDEe57lecTulaDIuNTPy3Ry4gLGJ6Z1O3vE1krgXZNrsQ+LFTGHVxVjcXPs17LhbZVGedAJv8XZ1tvj5FvSg=="
    },
    "md5": {
      "version": "2.2.1",
      "resolved": "https://registry.npmjs.org/md5/-/md5-2.2.1.tgz",
      "integrity": "sha512-PlGG4z5mBANDGCKsYQe0CaUYHdZYZt8ZPZLmEt+Urf0W4GlpTX4HescwHU+dc9+Z/G/vZKYZYFrwgm9VxK6QOQ==",
      "requires": {
        "charenc": "~0.0.1",
        "crypt": "~0.0.1",
        "is-buffer": "~1.1.1"
      }
    },
    "memory-cache": {
      "version": "0.2.0",
      "resolved": "https://registry.npmjs.org/memory-cache/-/memory-cache-0.2.0.tgz",
      "integrity": "sha512-OcjA+jzjOYzKmKS6IQVALHLVz+rNTMPoJvCztFaZxwG14wtAW7VRZjwTQu06vKCYOxh4jVnik7ya0SXTB0W+xA=="
    },
    "openapi-jsonschema-parameters": {
      "version": "12.0.2",
      "resolved": "https://registry.npmjs.org/openapi-jsonschema-parameters/-/openapi-jsonschema-parameters-12.0.2.tgz",
      "integrity": "sha512-JzPqPBNSO4SItVJwhmBBKQfNEXkfavgz7lToOHNwTl6MEskWDUMm0jl7s+eLZM3jxz6Vj/o0/VlcecmFJcX88w==",
      "requires": {
        "openapi-types": "^12.0.2"
      }
    },
    "openapi-types": {
      "version": "12.0.2",
      "resolved": "https://registry.npmjs.org/openapi-types/-/openapi-types-12.0.2.tgz",
      "integrity": "sha512-GuTo7FyZjOIWVhIhQSWJVaws6A82sWIGyQogxxYBYKZ0NBdyP2CYSIgOwFfSB+UVoPExk/YzFpyYitHS8KVZtA=="
    },
    "punycode": {
      "version": "2.1.1",
      "resolved": "https://registry.npmjs.org/punycode/-/punycode-2.1.1.tgz",
      "integrity": "sha512-XRsRjdf+j5ml+y/6GKHPZbrF/8p2Yga0JPtdqTIY2Xe5ohJPD9saDJJLPvp9+NSBprVvevdXZybnj2cv8OEd0A=="
    },
    "randombytes": {
      "version": "2.1.0",
      "resolved": "https://registry.npmjs.org/randombytes/-/randombytes-2.1.0.tgz",
      "integrity": "sha512-vYl3iOX+4CKUWuxGi9Ukhie6fsqXqS9FE2Zaic4tNFD2N2QQaXOMFbuKK4QmDHC0JO6B1Zp41J0LpT0oR68amQ==",
      "requires": {
        "safe-buffer": "^5.1.0"
      }
    },
    "require-from-string": {
      "version": "2.0.2",
      "resolved": "https://registry.npmjs.org/require-from-string/-/require-from-string-2.0.2.tgz",
      "integrity": "sha512-Xf0nWe6RseziFMu+Ap9biiUbmplq6S9/p+7w7YXP/JBHhrUDDUhwa+vANyubuqfZWTveU//DYVGsDG7RKL/vEw=="
    },
    "safe-buffer": {
      "version": "5.2.1",
      "resolved": "https://registry.npmjs.org/safe-buffer/-/safe-buffer-5.2.1.tgz",
      "integrity": "sha512-rp3So07KcdmmKbGvgaNxQSJr7bGVSVk5S9Eq1F+ppbRo70+YeaDxkw5Dd8NPN+GD6bjnYm2VuPuCXmpuYvmCXQ=="
    },
    "serialize-javascript": {
      "version": "6.0.0",
      "resolved": "https://registry.npmjs.org/serialize-javascript/-/serialize-javascript-6.0.0.tgz",
      "integrity": "sha512-Qr3TosvguFt8ePWqsvRfrKyQXIiW+nGbYpy8XK24NQHE83caxWt+mIymTT19DGFbNWNLfEwsrkSmN64lVWB9ag==",
      "requires": {
        "randombytes": "^2.1.0"
      }
    },
    "traverse": {
      "version": "0.6.7",
      "resolved": "https://registry.npmjs.org/traverse/-/traverse-0.6.7.tgz",
      "integrity": "sha512-/y956gpUo9ZNCb99YjxG7OaslxZWHfCHAUUfshwqOXmxUIvqLjVO581BT+gM59+QV9tFe6/CGG53tsA1Y7RSdg=="
    },
    "ts-log": {
      "version": "2.2.5",
      "resolved": "https://registry.npmjs.org/ts-log/-/ts-log-2.2.5.tgz",
      "integrity": "sha512-PGcnJoTBnVGy6yYNFxWVNkdcAuAMstvutN9MgDJIV6L0oG8fB+ZNNy1T+wJzah8RPGor1mZuPQkVfXNDpy9eHA=="
    },
    "uri-js": {
      "version": "4.4.1",
      "resolved": "https://registry.npmjs.org/uri-js/-/uri-js-4.4.1.tgz",
      "integrity": "sha512-7rKUyy33Q1yc98pQ1DAmLtwX109F7TIfWlW1Ydo8Wl1ii1SeHieeh0HHfPeL2fMXK6z0s8ecKs9frCuLJvndBg==",
      "requires": {
        "punycode": "^2.1.0"
      }
    },
    "valid-url": {
      "version": "1.0.9",
      "resolved": "https://registry.npmjs.org/valid-url/-/valid-url-1.0.9.tgz",
      "integrity": "sha512-QQDsV8OnSf5Uc30CKSwG9lnhMPe6exHtTXLRYX8uMwKENy640pU+2BgBL0LRbDh/eYRahNCS7aewCx0wf3NYVA=="
    }
  }
}
